
Microsoft Visual Studio Solution File, Format Version 12.00
# Visual Studio Version 17
VisualStudioVersion = 17.4.33205.214
MinimumVisualStudioVersion = 10.0.40219.1
Project("{FAE04EC0-301F-11D3-BF4B-00C04F79EFBC}") = "HashComparator", "HashComparator\HashComparator.csproj", "{D3BA40C1-DE96-44FC-8A3F-0E3CC3E39B85}"
EndProject
Global
	GlobalSection(SolutionConfigurationPlatforms) = preSolution
		Debug|Any CPU = Debug|Any CPU
		Release|Any CPU = Release|Any CPU
	EndGlobalSection
	GlobalSection(ProjectConfigurationPlatforms) = postSolution
		{D3BA40C1-DE96-44FC-8A3F-0E3CC3E39B85}.Debug|Any CPU.ActiveCfg = Debug|Any CPU
		{D3BA40C1-DE96-44FC-8A3F-0E3CC3E39B85}.Debug|Any CPU.Build.0 = Debug|Any CPU
		{D3BA40C1-DE96-44FC-8A3F-0E3CC3E39B85}.Release|Any CPU.ActiveCfg = Release|Any CPU
		{D3BA40C1-DE96-44FC-8A3F-0E3CC3E39B85}.Release|Any CPU.Build.0 = Release|Any CPU
	EndGlobalSection
	GlobalSection(SolutionProperties) = preSolution
		HideSolutionNode = FALSE
	EndGlobalSection
	GlobalSection(ExtensibilityGlobals) = postSolution
		SolutionGuid = {1D709338-131D-48B9-AC4C-132C2AFA7D59}
	EndGlobalSection
EndGlobal
